PODS:
  - Alamofire (4.8.1)
  - Kingfisher (5.3.0)
  - Realm (3.13.1):
    - Realm/Headers (= 3.13.1)
  - Realm/Headers (3.13.1)
  - RealmSwift (3.13.1):
    - Realm (= 3.13.1)

DEPENDENCIES:
  - Alamofire (~> 4)
  - Kingfisher (~> 5.0)
  - RealmSwift

SPEC REPOS:
  https://github.com/cocoapods/specs.git:
    - Alamofire
    - Kingfisher
    - Realm
    - RealmSwift

SPEC CHECKSUMS:
  Alamofire: 16ce2c353fb72865124ddae8a57c5942388f4f11
  Kingfisher: 4692c783ffb99e9e2e40a6eb3e518c3b96c6fa8c
  Realm: 50071da38fe079e0735e47c9f2eae738c68c5996
  RealmSwift: 8a1e6a02b7a08cd17a31e3115143fb69fe5f3fb9

PODFILE CHECKSUM: 0e11ea35d3a88fea603358fc49f95d589718dd62

COCOAPODS: 1.5.3
